// !$*UTF8*$!
{
	archiveVersion = 1;
	classes = {
	};
	objectVersion = 55;
	objects = {

/* Begin PBXBuildFile section */
		552B0CC9287BD098001D524C /* OrderTableViewController.swift in Sources */ = {isa = PBXBuildFile; fileRef = 552B0CC8287BD098001D524C /* OrderTableViewController.swift */; };
		552B0CCB287BD0F7001D524C /* Order.swift in Sources */ = {isa = PBXBuildFile; fileRef = 552B0CCA287BD0F7001D524C /* Order.swift */; };
		552B0CCD287BD38F001D524C /* OrderManager.swift in Sources */ = {isa = PBXBuildFile; fileRef = 552B0CCC287BD38F001D524C /* OrderManager.swift */; };
		552B0CCF287BEDEF001D524C /* OrderConfirmationViewController.swift in Sources */ = {isa = PBXBuildFile; fileRef = 552B0CCE287BEDEF001D524C /* OrderConfirmationViewController.swift */; };
		55334ADC287ACDA000B01633 /* AppDelegate.swift in Sources */ = {isa = PBXBuildFile; fileRef = 55334ADB287ACDA000B01633 /* AppDelegate.swift */; };
		55334ADE287ACDA000B01633 /* SceneDelegate.swift in Sources */ = {isa = PBXBuildFile; fileRef = 55334ADD287ACDA000B01633 /* SceneDelegate.swift */; };
		55334AE3287ACDA000B01633 /* Main.storyboard in Resources */ = {isa = PBXBuildFile; fileRef = 55334AE1287ACDA000B01633 /* Main.storyboard */; };
		55334AE5287ACDA100B01633 /* Assets.xcassets in Resources */ = {isa = PBXBuildFile; fileRef = 55334AE4287ACDA100B01633 /* Assets.xcassets */; };
		55334AE8287ACDA100B01633 /* LaunchScreen.storyboard in Resources */ = {isa = PBXBuildFile; fileRef = 55334AE6287ACDA100B01633 /* LaunchScreen.storyboard */; };
		55334AF5287AD71100B01633 /* Categories.swift in Sources */ = {isa = PBXBuildFile; fileRef = 55334AF4287AD71100B01633 /* Categories.swift */; };
		55334AF8287AD81000B01633 /* NetworkManager.swift in Sources */ = {isa = PBXBuildFile; fileRef = 55334AF7287AD81000B01633 /* NetworkManager.swift */; };
		55334AFA287ADCF800B01633 /* CategoryTableViewController.swift in Sources */ = {isa = PBXBuildFile; fileRef = 55334AF9287ADCF800B01633 /* CategoryTableViewController.swift */; };
		55334AFC287AE51A00B01633 /* CellManager.swift in Sources */ = {isa = PBXBuildFile; fileRef = 55334AFB287AE51A00B01633 /* CellManager.swift */; };
		55334AFF287AE6F500B01633 /* MenuItem.swift in Sources */ = {isa = PBXBuildFile; fileRef = 55334AFE287AE6F500B01633 /* MenuItem.swift */; };
		55334B01287AE72100B01633 /* MenuItems.swift in Sources */ = {isa = PBXBuildFile; fileRef = 55334B00287AE72100B01633 /* MenuItems.swift */; };
		55334B04287AE99800B01633 /* URL+Extension.swift in Sources */ = {isa = PBXBuildFile; fileRef = 55334B03287AE99800B01633 /* URL+Extension.swift */; };
		55334B06287AEB9A00B01633 /* MenuTableViewController.swift in Sources */ = {isa = PBXBuildFile; fileRef = 55334B05287AEB9A00B01633 /* MenuTableViewController.swift */; };
		5579A970287BC71600760534 /* ItemViewController.swift in Sources */ = {isa = PBXBuildFile; fileRef = 5579A96F287BC71600760534 /* ItemViewController.swift */; };
		559EA2D7287BF12C00D9610D /* Double+Extesion.swift in Sources */ = {isa = PBXBuildFile; fileRef = 559EA2D6287BF12C00D9610D /* Double+Extesion.swift */; };
		559EA2DA287BF8B800D9610D /* PreparationTime.swift in Sources */ = {isa = PBXBuildFile; fileRef = 559EA2D9287BF8B800D9610D /* PreparationTime.swift */; };
		55CD791F287C442400494187 /* Screenshot04.png in Resources */ = {isa = PBXBuildFile; fileRef = 55CD7918287C442400494187 /* Screenshot04.png */; };
		55CD7920287C442400494187 /* Screenshot05.png in Resources */ = {isa = PBXBuildFile; fileRef = 55CD7919287C442400494187 /* Screenshot05.png */; };
		55CD7921287C442400494187 /* Screenshot07.png in Resources */ = {isa = PBXBuildFile; fileRef = 55CD791A287C442400494187 /* Screenshot07.png */; };
		55CD7922287C442400494187 /* Screenshot06.png in Resources */ = {isa = PBXBuildFile; fileRef = 55CD791B287C442400494187 /* Screenshot06.png */; };
		55CD7923287C442400494187 /* Screenshot02.png in Resources */ = {isa = PBXBuildFile; fileRef = 55CD791C287C442400494187 /* Screenshot02.png */; };
		55CD7924287C442400494187 /* Screenshot03.png in Resources */ = {isa = PBXBuildFile; fileRef = 55CD791D287C442400494187 /* Screenshot03.png */; };
		55CD7925287C442400494187 /* Screenshot01.png in Resources */ = {isa = PBXBuildFile; fileRef = 55CD791E287C442400494187 /* Screenshot01.png */; };
/* End PBXBuildFile section */

/* Begin PBXFileReference section */
		552B0CC8287BD098001D524C /* OrderTableViewController.swift */ = {isa = PBXFileReference; lastKnownFileType = sourcecode.swift; path = OrderTableViewController.swift; sourceTree = "<group>"; };
		552B0CCA287BD0F7001D524C /* Order.swift */ = {isa = PBXFileReference; lastKnownFileType = sourcecode.swift; path = Order.swift; sourceTree = "<group>"; };
		552B0CCC287BD38F001D524C /* OrderManager.swift */ = {isa = PBXFileReference; lastKnownFileType = sourcecode.swift; path = OrderManager.swift; sourceTree = "<group>"; };
		552B0CCE287BEDEF001D524C /* OrderConfirmationViewController.swift */ = {isa = PBXFileReference; lastKnownFileType = sourcecode.swift; path = OrderConfirmationViewController.swift; sourceTree = "<group>"; };
		55334AD8287ACDA000B01633 /* Restaurant.app */ = {isa = PBXFileReference; explicitFileType = wrapper.application; includeInIndex = 0; path = Restaurant.app; sourceTree = BUILT_PRODUCTS_DIR; };
		55334ADB287ACDA000B01633 /* AppDelegate.swift */ = {isa = PBXFileReference; lastKnownFileType = sourcecode.swift; path = AppDelegate.swift; sourceTree = "<group>"; };
		55334ADD287ACDA000B01633 /* SceneDelegate.swift */ = {isa = PBXFileReference; lastKnownFileType = sourcecode.swift; path = SceneDelegate.swift; sourceTree = "<group>"; };
		55334AE2287ACDA000B01633 /* Base */ = {isa = PBXFileReference; lastKnownFileType = file.storyboard; name = Base; path = Base.lproj/Main.storyboard; sourceTree = "<group>"; };
		55334AE4287ACDA100B01633 /* Assets.xcassets */ = {isa = PBXFileReference; lastKnownFileType = folder.assetcatalog; path = Assets.xcassets; sourceTree = "<group>"; };
		55334AE7287ACDA100B01633 /* Base */ = {isa = PBXFileReference; lastKnownFileType = file.storyboard; name = Base; path = Base.lproj/LaunchScreen.storyboard; sourceTree = "<group>"; };
		55334AE9287ACDA100B01633 /* Info.plist */ = {isa = PBXFileReference; lastKnownFileType = text.plist.xml; path = Info.plist; sourceTree = "<group>"; };
		55334AF4287AD71100B01633 /* Categories.swift */ = {isa = PBXFileReference; lastKnownFileType = sourcecode.swift; path = Categories.swift; sourceTree = "<group>"; };
		55334AF7287AD81000B01633 /* NetworkManager.swift */ = {isa = PBXFileReference; lastKnownFileType = sourcecode.swift; path = NetworkManager.swift; sourceTree = "<group>"; };
		55334AF9287ADCF800B01633 /* CategoryTableViewController.swift */ = {isa = PBXFileReference; lastKnownFileType = sourcecode.swift; path = CategoryTableViewController.swift; sourceTree = "<group>"; };
		55334AFB287AE51A00B01633 /* CellManager.swift */ = {isa = PBXFileReference; lastKnownFileType = sourcecode.swift; path = CellManager.swift; sourceTree = "<group>"; };
		55334AFE287AE6F500B01633 /* MenuItem.swift */ = {isa = PBXFileReference; lastKnownFileType = sourcecode.swift; path = MenuItem.swift; sourceTree = "<group>"; };
		55334B00287AE72100B01633 /* MenuItems.swift */ = {isa = PBXFileReference; lastKnownFileType = sourcecode.swift; path = MenuItems.swift; sourceTree = "<group>"; };
		55334B03287AE99800B01633 /* URL+Extension.swift */ = {isa = PBXFileReference; lastKnownFileType = sourcecode.swift; path = "URL+Extension.swift"; sourceTree = "<group>"; };
		55334B05287AEB9A00B01633 /* MenuTableViewController.swift */ = {isa = PBXFileReference; lastKnownFileType = sourcecode.swift; path = MenuTableViewController.swift; sourceTree = "<group>"; };
		5579A96F287BC71600760534 /* ItemViewController.swift */ = {isa = PBXFileReference; lastKnownFileType = sourcecode.swift; path = ItemViewController.swift; sourceTree = "<group>"; };
		559EA2D6287BF12C00D9610D /* Double+Extesion.swift */ = {isa = PBXFileReference; lastKnownFileType = sourcecode.swift; path = "Double+Extesion.swift"; sourceTree = "<group>"; };
		559EA2D9287BF8B800D9610D /* PreparationTime.swift */ = {isa = PBXFileReference; lastKnownFileType = sourcecode.swift; path = PreparationTime.swift; sourceTree = "<group>"; };
		55CD7918287C442400494187 /* Screenshot04.png */ = {isa = PBXFileReference; lastKnownFileType = image.png; path = Screenshot04.png; sourceTree = "<group>"; };
		55CD7919287C442400494187 /* Screenshot05.png */ = {isa = PBXFileReference; lastKnownFileType = image.png; path = Screenshot05.png; sourceTree = "<group>"; };
		55CD791A287C442400494187 /* Screenshot07.png */ = {isa = PBXFileReference; lastKnownFileType = image.png; path = Screenshot07.png; sourceTree = "<group>"; };
		55CD791B287C442400494187 /* Screenshot06.png */ = {isa = PBXFileReference; lastKnownFileType = image.png; path = Screenshot06.png; sourceTree = "<group>"; };
		55CD791C287C442400494187 /* Screenshot02.png */ = {isa = PBXFileReference; lastKnownFileType = image.png; path = Screenshot02.png; sourceTree = "<group>"; };
		55CD791D287C442400494187 /* Screenshot03.png */ = {isa = PBXFileReference; lastKnownFileType = image.png; path = Screenshot03.png; sourceTree = "<group>"; };
		55CD791E287C442400494187 /* Screenshot01.png */ = {isa = PBXFileReference; lastKnownFileType = image.png; path = Screenshot01.png; sourceTree = "<group>"; };
/* End PBXFileReference section */

/* Begin PBXFrameworksBuildPhase section */
		55334AD5287ACDA000B01633 /* Frameworks */ = {
			isa = PBXFrameworksBuildPhase;
			buildActionMask = 2147483647;
			files = (
			);
			runOnlyForDeploymentPostprocessing = 0;
		};
/* End PBXFrameworksBuildPhase section */

/* Begin PBXGroup section */
		55334ACF287ACDA000B01633 = {
			isa = PBXGroup;
			children = (
				55334ADA287ACDA000B01633 /* Restaurant */,
				55334AD9287ACDA000B01633 /* Products */,
			);
			sourceTree = "<group>";
		};
		55334AD9287ACDA000B01633 /* Products */ = {
			isa = PBXGroup;
			children = (
				55334AD8287ACDA000B01633 /* Restaurant.app */,
			);
			name = Products;
			sourceTree = "<group>";
		};
		55334ADA287ACDA000B01633 /* Restaurant */ = {
			isa = PBXGroup;
			children = (
				55CD7917287C442400494187 /* Screenshots */,
				55334AEF287ACDAC00B01633 /* App */,
				55334AF2287ACDF100B01633 /* Controllers */,
				55334B02287AE98800B01633 /* Extensions */,
				55334AF6287AD7BC00B01633 /* Manager */,
				55334AF3287AD6F400B01633 /* Models */,
				55334AF1287ACDBE00B01633 /* Resources */,
				55334AF0287ACDB400B01633 /* Storyboards */,
			);
			path = Restaurant;
			sourceTree = "<group>";
		};
		55334AEF287ACDAC00B01633 /* App */ = {
			isa = PBXGroup;
			children = (
				55334ADB287ACDA000B01633 /* AppDelegate.swift */,
				55334ADD287ACDA000B01633 /* SceneDelegate.swift */,
				55334AE9287ACDA100B01633 /* Info.plist */,
			);
			path = App;
			sourceTree = "<group>";
		};
		55334AF0287ACDB400B01633 /* Storyboards */ = {
			isa = PBXGroup;
			children = (
				55334AE1287ACDA000B01633 /* Main.storyboard */,
				55334AE6287ACDA100B01633 /* LaunchScreen.storyboard */,
			);
			path = Storyboards;
			sourceTree = "<group>";
		};
		55334AF1287ACDBE00B01633 /* Resources */ = {
			isa = PBXGroup;
			children = (
				55334AE4287ACDA100B01633 /* Assets.xcassets */,
			);
			path = Resources;
			sourceTree = "<group>";
		};
		55334AF2287ACDF100B01633 /* Controllers */ = {
			isa = PBXGroup;
			children = (
				55334AF9287ADCF800B01633 /* CategoryTableViewController.swift */,
				55334B05287AEB9A00B01633 /* MenuTableViewController.swift */,
				5579A96F287BC71600760534 /* ItemViewController.swift */,
				552B0CC8287BD098001D524C /* OrderTableViewController.swift */,
				552B0CCE287BEDEF001D524C /* OrderConfirmationViewController.swift */,
			);
			path = Controllers;
			sourceTree = "<group>";
		};
		55334AF3287AD6F400B01633 /* Models */ = {
			isa = PBXGroup;
			children = (
				55334AF4287AD71100B01633 /* Categories.swift */,
				55334AFE287AE6F500B01633 /* MenuItem.swift */,
				55334B00287AE72100B01633 /* MenuItems.swift */,
				552B0CCA287BD0F7001D524C /* Order.swift */,
				559EA2D9287BF8B800D9610D /* PreparationTime.swift */,
			);
			path = Models;
			sourceTree = "<group>";
		};
		55334AF6287AD7BC00B01633 /* Manager */ = {
			isa = PBXGroup;
			children = (
				55334AFB287AE51A00B01633 /* CellManager.swift */,
				55334AF7287AD81000B01633 /* NetworkManager.swift */,
				552B0CCC287BD38F001D524C /* OrderManager.swift */,
			);
			path = Manager;
			sourceTree = "<group>";
		};
		55334B02287AE98800B01633 /* Extensions */ = {
			isa = PBXGroup;
			children = (
				559EA2D6287BF12C00D9610D /* Double+Extesion.swift */,
				55334B03287AE99800B01633 /* URL+Extension.swift */,
			);
			path = Extensions;
			sourceTree = "<group>";
		};
		55CD7917287C442400494187 /* Screenshots */ = {
			isa = PBXGroup;
			children = (
				55CD7918287C442400494187 /* Screenshot04.png */,
				55CD7919287C442400494187 /* Screenshot05.png */,
				55CD791A287C442400494187 /* Screenshot07.png */,
				55CD791B287C442400494187 /* Screenshot06.png */,
				55CD791C287C442400494187 /* Screenshot02.png */,
				55CD791D287C442400494187 /* Screenshot03.png */,
				55CD791E287C442400494187 /* Screenshot01.png */,
			);
			path = Screenshots;
			sourceTree = "<group>";
		};
/* End PBXGroup section */

/* Begin PBXNativeTarget section */
		55334AD7287ACDA000B01633 /* Restaurant */ = {
			isa = PBXNativeTarget;
			buildConfigurationList = 55334AEC287ACDA100B01633 /* Build configuration list for PBXNativeTarget "Restaurant" */;
			buildPhases = (
				55334AD4287ACDA000B01633 /* Sources */,
				55334AD5287ACDA000B01633 /* Frameworks */,
				55334AD6287ACDA000B01633 /* Resources */,
			);
			buildRules = (
			);
			dependencies = (
			);
			name = Restaurant;
			productName = Restaurant;
			productReference = 55334AD8287ACDA000B01633 /* Restaurant.app */;
			productType = "com.apple.product-type.application";
		};
/* End PBXNativeTarget section */

/* Begin PBXProject section */
		55334AD0287ACDA000B01633 /* Project object */ = {
			isa = PBXProject;
			attributes = {
				BuildIndependentTargetsInParallel = 1;
				LastSwiftUpdateCheck = 1330;
				LastUpgradeCheck = 1330;
				TargetAttributes = {
					55334AD7287ACDA000B01633 = {
						CreatedOnToolsVersion = 13.3.1;
					};
				};
			};
			buildConfigurationList = 55334AD3287ACDA000B01633 /* Build configuration list for PBXProject "Restaurant" */;
			compatibilityVersion = "Xcode 13.0";
			developmentRegion = en;
			hasScannedForEncodings = 0;
			knownRegions = (
				en,
				Base,
			);
			mainGroup = 55334ACF287ACDA000B01633;
			productRefGroup = 55334AD9287ACDA000B01633 /* Products */;
			projectDirPath = "";
			projectRoot = "";
			targets = (
				55334AD7287ACDA000B01633 /* Restaurant */,
			);
		};
/* End PBXProject section */

/* Begin PBXResourcesBuildPhase section */
		55334AD6287ACDA000B01633 /* Resources */ = {
			isa = PBXResourcesBuildPhase;
			buildActionMask = 2147483647;
			files = (
				55334AE8287ACDA100B01633 /* LaunchScreen.storyboard in Resources */,
				55CD7922287C442400494187 /* Screenshot06.png in Resources */,
				55CD791F287C442400494187 /* Screenshot04.png in Resources */,
				55CD7923287C442400494187 /* Screenshot02.png in Resources */,
				55CD7921287C442400494187 /* Screenshot07.png in Resources */,
				55CD7924287C442400494187 /* Screenshot03.png in Resources */,
				55334AE5287ACDA100B01633 /* Assets.xcassets in Resources */,
				55CD7920287C442400494187 /* Screenshot05.png in Resources */,
				55CD7925287C442400494187 /* Screenshot01.png in Resources */,
				55334AE3287ACDA000B01633 /* Main.storyboard in Resources */,
			);
			runOnlyForDeploymentPostprocessing = 0;
		};
/* End PBXResourcesBuildPhase section */

/* Begin PBXSourcesBuildPhase section */
		55334AD4287ACDA000B01633 /* Sources */ = {
			isa = PBXSourcesBuildPhase;
			buildActionMask = 2147483647;
			files = (
				5579A970287BC71600760534 /* ItemViewController.swift in Sources */,
				55334B06287AEB9A00B01633 /* MenuTableViewController.swift in Sources */,
				55334AFF287AE6F500B01633 /* MenuItem.swift in Sources */,
				55334B01287AE72100B01633 /* MenuItems.swift in Sources */,
				559EA2DA287BF8B800D9610D /* PreparationTime.swift in Sources */,
				552B0CCD287BD38F001D524C /* OrderManager.swift in Sources */,
				559EA2D7287BF12C00D9610D /* Double+Extesion.swift in Sources */,
				552B0CCF287BEDEF001D524C /* OrderConfirmationViewController.swift in Sources */,
				552B0CC9287BD098001D524C /* OrderTableViewController.swift in Sources */,
				55334AF8287AD81000B01633 /* NetworkManager.swift in Sources */,
				55334AFC287AE51A00B01633 /* CellManager.swift in Sources */,
				55334AF5287AD71100B01633 /* Categories.swift in Sources */,
				55334AFA287ADCF800B01633 /* CategoryTableViewController.swift in Sources */,
				55334ADC287ACDA000B01633 /* AppDelegate.swift in Sources */,
				552B0CCB287BD0F7001D524C /* Order.swift in Sources */,
				55334B04287AE99800B01633 /* URL+Extension.swift in Sources */,
				55334ADE287ACDA000B01633 /* SceneDelegate.swift in Sources */,
			);
			runOnlyForDeploymentPostprocessing = 0;
		};
/* End PBXSourcesBuildPhase section */

/* Begin PBXVariantGroup section */
		55334AE1287ACDA000B01633 /* Main.storyboard */ = {
			isa = PBXVariantGroup;
			children = (
				55334AE2287ACDA000B01633 /* Base */,
			);
			name = Main.storyboard;
			sourceTree = "<group>";
		};
		55334AE6287ACDA100B01633 /* LaunchScreen.storyboard */ = {
			isa = PBXVariantGroup;
			children = (
				55334AE7287ACDA100B01633 /* Base */,
			);
			name = LaunchScreen.storyboard;
			sourceTree = "<group>";
		};
/* End PBXVariantGroup section */

/* Begin XCBuildConfiguration section */
		55334AEA287ACDA100B01633 /* Debug */ = {
			isa = XCBuildConfiguration;
			buildSettings = {
				ALWAYS_SEARCH_USER_PATHS = NO;
				CLANG_ANALYZER_NONNULL = YES;
				CLANG_ANALYZER_NUMBER_OBJECT_CONVERSION = YES_AGGRESSIVE;
				CLANG_CXX_LANGUAGE_STANDARD = "gnu++17";
				CLANG_ENABLE_MODULES = YES;
				CLANG_ENABLE_OBJC_ARC = YES;
				CLANG_ENABLE_OBJC_WEAK = YES;
				CLANG_WARN_BLOCK_CAPTURE_AUTORELEASING = YES;
				CLANG_WARN_BOOL_CONVERSION = YES;
				CLANG_WARN_COMMA = YES;
				CLANG_WARN_CONSTANT_CONVERSION = YES;
				CLANG_WARN_DEPRECATED_OBJC_IMPLEMENTATIONS = YES;
				CLANG_WARN_DIRECT_OBJC_ISA_USAGE = YES_ERROR;
				CLANG_WARN_DOCUMENTATION_COMMENTS = YES;
				CLANG_WARN_EMPTY_BODY = YES;
				CLANG_WARN_ENUM_CONVERSION = YES;
				CLANG_WARN_INFINITE_RECURSION = YES;
				CLANG_WARN_INT_CONVERSION = YES;
				CLANG_WARN_NON_LITERAL_NULL_CONVERSION = YES;
				CLANG_WARN_OBJC_IMPLICIT_RETAIN_SELF = YES;
				CLANG_WARN_OBJC_LITERAL_CONVERSION = YES;
				CLANG_WARN_OBJC_ROOT_CLASS = YES_ERROR;
				CLANG_WARN_QUOTED_INCLUDE_IN_FRAMEWORK_HEADER = YES;
				CLANG_WARN_RANGE_LOOP_ANALYSIS = YES;
				CLANG_WARN_STRICT_PROTOTYPES = YES;
				CLANG_WARN_SUSPICIOUS_MOVE = YES;
				CLANG_WARN_UNGUARDED_AVAILABILITY = YES_AGGRESSIVE;
				CLANG_WARN_UNREACHABLE_CODE = YES;
				CLANG_WARN__DUPLICATE_METHOD_MATCH = YES;
				COPY_PHASE_STRIP = NO;
				DEBUG_INFORMATION_FORMAT = dwarf;
				ENABLE_STRICT_OBJC_MSGSEND = YES;
				ENABLE_TESTABILITY = YES;
				GCC_C_LANGUAGE_STANDARD = gnu11;
				GCC_DYNAMIC_NO_PIC = NO;
				GCC_NO_COMMON_BLOCKS = YES;
				GCC_OPTIMIZATION_LEVEL = 0;
				GCC_PREPROCESSOR_DEFINITIONS = (
					"DEBUG=1",
					"$(inherited)",
				);
				GCC_WARN_64_TO_32_BIT_CONVERSION = YES;
				GCC_WARN_ABOUT_RETURN_TYPE = YES_ERROR;
				GCC_WARN_UNDECLARED_SELECTOR = YES;
				GCC_WARN_UNINITIALIZED_AUTOS = YES_AGGRESSIVE;
				GCC_WARN_UNUSED_FUNCTION = YES;
				GCC_WARN_UNUSED_VARIABLE = YES;
				IPHONEOS_DEPLOYMENT_TARGET = 15.4;
				MTL_ENABLE_DEBUG_INFO = INCLUDE_SOURCE;
				MTL_FAST_MATH = YES;
				ONLY_ACTIVE_ARCH = YES;
				SDKROOT = iphoneos;
				SWIFT_ACTIVE_COMPILATION_CONDITIONS = DEBUG;
				SWIFT_OPTIMIZATION_LEVEL = "-Onone";
			};
			name = Debug;
		};
		55334AEB287ACDA100B01633 /* Release */ = {
			isa = XCBuildConfiguration;
			buildSettings = {
				ALWAYS_SEARCH_USER_PATHS = NO;
				CLANG_ANALYZER_NONNULL = YES;
				CLANG_ANALYZER_NUMBER_OBJECT_CONVERSION = YES_AGGRESSIVE;
				CLANG_CXX_LANGUAGE_STANDARD = "gnu++17";
				CLANG_ENABLE_MODULES = YES;
				CLANG_ENABLE_OBJC_ARC = YES;
				CLANG_ENABLE_OBJC_WEAK = YES;
				CLANG_WARN_BLOCK_CAPTURE_AUTORELEASING = YES;
				CLANG_WARN_BOOL_CONVERSION = YES;
				CLANG_WARN_COMMA = YES;
				CLANG_WARN_CONSTANT_CONVERSION = YES;
				CLANG_WARN_DEPRECATED_OBJC_IMPLEMENTATIONS = YES;
				CLANG_WARN_DIRECT_OBJC_ISA_USAGE = YES_ERROR;
				CLANG_WARN_DOCUMENTATION_COMMENTS = YES;
				CLANG_WARN_EMPTY_BODY = YES;
				CLANG_WARN_ENUM_CONVERSION = YES;
				CLANG_WARN_INFINITE_RECURSION = YES;
				CLANG_WARN_INT_CONVERSION = YES;
				CLANG_WARN_NON_LITERAL_NULL_CONVERSION = YES;
				CLANG_WARN_OBJC_IMPLICIT_RETAIN_SELF = YES;
				CLANG_WARN_OBJC_LITERAL_CONVERSION = YES;
				CLANG_WARN_OBJC_ROOT_CLASS = YES_ERROR;
				CLANG_WARN_QUOTED_INCLUDE_IN_FRAMEWORK_HEADER = YES;
				CLANG_WARN_RANGE_LOOP_ANALYSIS = YES;
				CLANG_WARN_STRICT_PROTOTYPES = YES;
				CLANG_WARN_SUSPICIOUS_MOVE = YES;
				CLANG_WARN_UNGUARDED_AVAILABILITY = YES_AGGRESSIVE;
				CLANG_WARN_UNREACHABLE_CODE = YES;
				CLANG_WARN__DUPLICATE_METHOD_MATCH = YES;
				COPY_PHASE_STRIP = NO;
				DEBUG_INFORMATION_FORMAT = "dwarf-with-dsym";
				ENABLE_NS_ASSERTIONS = NO;
				ENABLE_STRICT_OBJC_MSGSEND = YES;
				GCC_C_LANGUAGE_STANDARD = gnu11;
				GCC_NO_COMMON_BLOCKS = YES;
				GCC_WARN_64_TO_32_BIT_CONVERSION = YES;
				GCC_WARN_ABOUT_RETURN_TYPE = YES_ERROR;
				GCC_WARN_UNDECLARED_SELECTOR = YES;
				GCC_WARN_UNINITIALIZED_AUTOS = YES_AGGRESSIVE;
				GCC_WARN_UNUSED_FUNCTION = YES;
				GCC_WARN_UNUSED_VARIABLE = YES;
				IPHONEOS_DEPLOYMENT_TARGET = 15.4;
				MTL_ENABLE_DEBUG_INFO = NO;
				MTL_FAST_MATH = YES;
				SDKROOT = iphoneos;
				SWIFT_COMPILATION_MODE = wholemodule;
				SWIFT_OPTIMIZATION_LEVEL = "-O";
				VALIDATE_PRODUCT = YES;
			};
			name = Release;
		};
		55334AED287ACDA100B01633 /* Debug */ = {
			isa = XCBuildConfiguration;
			buildSettings = {
				ASSETCATALOG_COMPILER_APPICON_NAME = AppIcon;
				ASSETCATALOG_COMPILER_GLOBAL_ACCENT_COLOR_NAME = AccentColor;
				CODE_SIGN_STYLE = Automatic;
				CURRENT_PROJECT_VERSION = 1;
				DEVELOPMENT_TEAM = 2ZAR2UCDS8;
				GENERATE_INFOPLIST_FILE = YES;
				INFOPLIST_FILE = Restaurant/App/Info.plist;
				INFOPLIST_KEY_UIApplicationSupportsIndirectInputEvents = YES;
				INFOPLIST_KEY_UILaunchStoryboardName = LaunchScreen;
				INFOPLIST_KEY_UIMainStoryboardFile = Main;
				INFOPLIST_KEY_UISupportedInterfaceOrientations_iPad = "UIInterfaceOrientationPortrait UIInterfaceOrientationPortraitUpsideDown UIInterfaceOrientationLandscapeLeft UIInterfaceOrientationLandscapeRight";
				INFOPLIST_KEY_UISupportedInterfaceOrientations_iPhone = "UIInterfaceOrientationPortrait UIInterfaceOrientationLandscapeLeft UIInterfaceOrientationLandscapeRight";
				LD_RUNPATH_SEARCH_PATHS = (
					"$(inherited)",
					"@executable_path/Frameworks",
				);
				MARKETING_VERSION = 1.0;
				PRODUCT_BUNDLE_IDENTIFIER = ru.komplayer31.Restaurant;
				PRODUCT_NAME = "$(TARGET_NAME)";
				SWIFT_EMIT_LOC_STRINGS = YES;
				SWIFT_VERSION = 5.0;
				TARGETED_DEVICE_FAMILY = "1,2";
			};
			name = Debug;
		};
		55334AEE287ACDA100B01633 /* Release */ = {
			isa = XCBuildConfiguration;
			buildSettings = {
				ASSETCATALOG_COMPILER_APPICON_NAME = AppIcon;
				ASSETCATALOG_COMPILER_GLOBAL_ACCENT_COLOR_NAME = AccentColor;
				CODE_SIGN_STYLE = Automatic;
				CURRENT_PROJECT_VERSION = 1;
				DEVELOPMENT_TEAM = 2ZAR2UCDS8;
				GENERATE_INFOPLIST_FILE = YES;
				INFOPLIST_FILE = Restaurant/App/Info.plist;
				INFOPLIST_KEY_UIApplicationSupportsIndirectInputEvents = YES;
				INFOPLIST_KEY_UILaunchStoryboardName = LaunchScreen;
				INFOPLIST_KEY_UIMainStoryboardFile = Main;
				INFOPLIST_KEY_UISupportedInterfaceOrientations_iPad = "UIInterfaceOrientationPortrait UIInterfaceOrientationPortraitUpsideDown UIInterfaceOrientationLandscapeLeft UIInterfaceOrientationLandscapeRight";
				INFOPLIST_KEY_UISupportedInterfaceOrientations_iPhone = "UIInterfaceOrientationPortrait UIInterfaceOrientationLandscapeLeft UIInterfaceOrientationLandscapeRight";
				LD_RUNPATH_SEARCH_PATHS = (
					"$(inherited)",
					"@executable_path/Frameworks",
				);
				MARKETING_VERSION = 1.0;
				PRODUCT_BUNDLE_IDENTIFIER = ru.komplayer31.Restaurant;
				PRODUCT_NAME = "$(TARGET_NAME)";
				SWIFT_EMIT_LOC_STRINGS = YES;
				SWIFT_VERSION = 5.0;
				TARGETED_DEVICE_FAMILY = "1,2";
			};
			name = Release;
		};
/* End XCBuildConfiguration section */

/* Begin XCConfigurationList section */
		55334AD3287ACDA000B01633 /* Build configuration list for PBXProject "Restaurant" */ = {
			isa = XCConfigurationList;
			buildConfigurations = (
				55334AEA287ACDA100B01633 /* Debug */,
				55334AEB287ACDA100B01633 /* Release */,
			);
			defaultConfigurationIsVisible = 0;
			defaultConfigurationName = Release;
		};
		55334AEC287ACDA100B01633 /* Build configuration list for PBXNativeTarget "Restaurant" */ = {
			isa = XCConfigurationList;
			buildConfigurations = (
				55334AED287ACDA100B01633 /* Debug */,
				55334AEE287ACDA100B01633 /* Release */,
			);
			defaultConfigurationIsVisible = 0;
			defaultConfigurationName = Release;
		};
/* End XCConfigurationList section */
	};
	rootObject = 55334AD0287ACDA000B01633 /* Project object */;
}
